PODS:
  - Charts (3.0.1):
    - Charts/Core (= 3.0.1)
  - Charts/Core (3.0.1)
  - Realm (2.2.0):
    - Realm/Headers (= 2.2.0)
  - Realm/Headers (2.2.0)

DEPENDENCIES:
  - Charts (= 3.0.1)
  - Realm (~> 2.2)

SPEC CHECKSUMS:
  Charts: 0e84f4418e87dad6a9edde221fba37ebb51d3ba7
  Realm: d95b8fb34c83f1e764b66d319277a62c2b6e4bf5

PODFILE CHECKSUM: 2be536494b333a6f80d292699aed946b5793105a

COCOAPODS: 1.0.1
